# This file is automatically @generated by Cargo.
# It is not intended for manual editing.
version = 4

[[package]]
name = "llamp-audio"
version = "0.1.0"

[[package]]
name = "llamp-cli"
version = "0.1.0"

[[package]]
name = "llamp-core"
version = "0.1.0"

[[package]]
name = "llamp-ffi"
version = "0.1.0"

[[package]]
name = "llamp-library"
version = "0.1.0"

[[package]]
name = "llamp-plugin-api"
version = "0.1.0"

[[package]]
name = "llamp-plugin-host"
version = "0.1.0"

[[package]]
name = "llamp-skin"
version = "0.1.0"
